<?xml version="1.0" encoding="utf-8"?>
<Project ToolsVersion="4.0" xmlns="http://schemas.microsoft.com/developer/msbuild/2003">
  <ItemGroup>
    <Filter Include="Source Files">
      <UniqueIdentifier>{fbcf0e91-2fe9-4a0b-8082-7b9713b14712}</UniqueIdentifier>
      <Extensions>cpp;c;cxx;rc;def;r;odl;idl;hpj;bat</Extensions>
    </Filter>
    <Filter Include="Header Files">
      <UniqueIdentifier>{5db28ab7-ebc1-4f7e-a347-92f29354531f}</UniqueIdentifier>
      <Extensions>h;hpp;hxx;hm;inl</Extensions>
    </Filter>
    <Filter Include="Resource Files">
      <UniqueIdentifier>{6efa42b6-0b27-4c5f-8154-1ed838746480}</UniqueIdentifier>
      <Extensions>ico;cur;bmp;dlg;rc2;rct;bin;rgs;gif;jpg;jpeg;jpe</Extensions>
    </Filter>
  </ItemGroup>
  <ItemGroup>
    <ClCompile Include="608.c">
      <Filter>Source Files</Filter>
    </ClCompile>
    <ClCompile Include="ccextractor.c">
      <Filter>Source Files</Filter>
    </ClCompile>
    <ClCompile Include="encoding.c">
      <Filter>Source Files</Filter>
    </ClCompile>
    <ClCompile Include="general_loop.c">
      <Filter>Source Files</Filter>
    </ClCompile>
    <ClCompile Include="myth.c">
      <Filter>Source Files</Filter>
    </ClCompile>
  </ItemGroup>
  <ItemGroup>
    <ClInclude Include="608.h">
      <Filter>Header Files</Filter>
    </ClInclude>
    <ClInclude Include="ccextractor.h">
      <Filter>Header Files</Filter>
    </ClInclude>
  </ItemGroup>
</Project>